// !$*UTF8*$!
{
	archiveVersion = 1;
	classes = {
	};
	objectVersion = 50;
	objects = {

/* Begin PBXBuildFile section */
		182A8F3522FFF6D60088CAB5 /* AppDelegate.swift in Sources */ = {isa = PBXBuildFile; fileRef = 182A8F3422FFF6D60088CAB5 /* AppDelegate.swift */; };
		182A8F3722FFF6D60088CAB5 /* ViewController.swift in Sources */ = {isa = PBXBuildFile; fileRef = 182A8F3622FFF6D60088CAB5 /* ViewController.swift */; };
		182A8F3A22FFF6D60088CAB5 /* Main.storyboard in Resources */ = {isa = PBXBuildFile; fileRef = 182A8F3822FFF6D60088CAB5 /* Main.storyboard */; };
		182A8F3C22FFF6DC0088CAB5 /* Assets.xcassets in Resources */ = {isa = PBXBuildFile; fileRef = 182A8F3B22FFF6DC0088CAB5 /* Assets.xcassets */; };
		182A8F3F22FFF6DC0088CAB5 /* LaunchScreen.storyboard in Resources */ = {isa = PBXBuildFile; fileRef = 182A8F3D22FFF6DC0088CAB5 /* LaunchScreen.storyboard */; };
		DAEA6168381EA28A921EDEEF /* Pods_SpringApp.framework in Frameworks */ = {isa = PBXBuildFile; fileRef = D7F60B7E5E3AC0AA06178498 /* Pods_SpringApp.framework */; };
/* End PBXBuildFile section */

/* Begin PBXFileReference section */
		182A8F3122FFF6D60088CAB5 /* SpringApp.app */ = {isa = PBXFileReference; explicitFileType = wrapper.application; includeInIndex = 0; path = SpringApp.app; sourceTree = BUILT_PRODUCTS_DIR; };
		182A8F3422FFF6D60088CAB5 /* AppDelegate.swift */ = {isa = PBXFileReference; lastKnownFileType = sourcecode.swift; path = AppDelegate.swift; sourceTree = "<group>"; };
		182A8F3622FFF6D60088CAB5 /* ViewController.swift */ = {isa = PBXFileReference; lastKnownFileType = sourcecode.swift; path = ViewController.swift; sourceTree = "<group>"; };
		182A8F3922FFF6D60088CAB5 /* Base */ = {isa = PBXFileReference; lastKnownFileType = file.storyboard; name = Base; path = Base.lproj/Main.storyboard; sourceTree = "<group>"; };
		182A8F3B22FFF6DC0088CAB5 /* Assets.xcassets */ = {isa = PBXFileReference; lastKnownFileType = folder.assetcatalog; path = Assets.xcassets; sourceTree = "<group>"; };
		182A8F3E22FFF6DC0088CAB5 /* Base */ = {isa = PBXFileReference; lastKnownFileType = file.storyboard; name = Base; path = Base.lproj/LaunchScreen.storyboard; sourceTree = "<group>"; };
		182A8F4022FFF6DC0088CAB5 /* Info.plist */ = {isa = PBXFileReference; lastKnownFileType = text.plist.xml; path = Info.plist; sourceTree = "<group>"; };
		24AFC517E3CBB046E2026CF8 /* Pods-SpringApp.release.xcconfig */ = {isa = PBXFileReference; includeInIndex = 1; lastKnownFileType = text.xcconfig; name = "Pods-SpringApp.release.xcconfig"; path = "Target Support Files/Pods-SpringApp/Pods-SpringApp.release.xcconfig"; sourceTree = "<group>"; };
		D7F60B7E5E3AC0AA06178498 /* Pods_SpringApp.framework */ = {isa = PBXFileReference; explicitFileType = wrapper.framework; includeInIndex = 0; path = Pods_SpringApp.framework; sourceTree = BUILT_PRODUCTS_DIR; };
		FB4E9898EE9CB2629B4400BB /* Pods-SpringApp.debug.xcconfig */ = {isa = PBXFileReference; includeInIndex = 1; lastKnownFileType = text.xcconfig; name = "Pods-SpringApp.debug.xcconfig"; path = "Target Support Files/Pods-SpringApp/Pods-SpringApp.debug.xcconfig"; sourceTree = "<group>"; };
/* End PBXFileReference section */

/* Begin PBXFrameworksBuildPhase section */
		182A8F2E22FFF6D60088CAB5 /* Frameworks */ = {
			isa = PBXFrameworksBuildPhase;
			buildActionMask = 2147483647;
			files = (
				DAEA6168381EA28A921EDEEF /* Pods_SpringApp.framework in Frameworks */,
			);
			runOnlyForDeploymentPostprocessing = 0;
		};
/* End PBXFrameworksBuildPhase section */

/* Begin PBXGroup section */
		182A8F2822FFF6D60088CAB5 = {
			isa = PBXGroup;
			children = (
				182A8F3322FFF6D60088CAB5 /* SpringApp */,
				182A8F3222FFF6D60088CAB5 /* Products */,
				A70582185802F35E9A7821C5 /* Pods */,
				C1EA78318EB527036B1351C0 /* Frameworks */,
			);
			sourceTree = "<group>";
		};
		182A8F3222FFF6D60088CAB5 /* Products */ = {
			isa = PBXGroup;
			children = (
				182A8F3122FFF6D60088CAB5 /* SpringApp.app */,
			);
			name = Products;
			sourceTree = "<group>";
		};
		182A8F3322FFF6D60088CAB5 /* SpringApp */ = {
			isa = PBXGroup;
			children = (
				182A8F3422FFF6D60088CAB5 /* AppDelegate.swift */,
				182A8F3622FFF6D60088CAB5 /* ViewController.swift */,
				182A8F3822FFF6D60088CAB5 /* Main.storyboard */,
				182A8F3B22FFF6DC0088CAB5 /* Assets.xcassets */,
				182A8F3D22FFF6DC0088CAB5 /* LaunchScreen.storyboard */,
				182A8F4022FFF6DC0088CAB5 /* Info.plist */,
			);
			path = SpringApp;
			sourceTree = "<group>";
		};
		A70582185802F35E9A7821C5 /* Pods */ = {
			isa = PBXGroup;
			children = (
				FB4E9898EE9CB2629B4400BB /* Pods-SpringApp.debug.xcconfig */,
				24AFC517E3CBB046E2026CF8 /* Pods-SpringApp.release.xcconfig */,
			);
			name = Pods;
			path = Pods;
			sourceTree = "<group>";
		};
		C1EA78318EB527036B1351C0 /* Frameworks */ = {
			isa = PBXGroup;
			children = (
				D7F60B7E5E3AC0AA06178498 /* Pods_SpringApp.framework */,
			);
			name = Frameworks;
			sourceTree = "<group>";
		};
/* End PBXGroup section */

/* Begin PBXNativeTarget section */
		182A8F3022FFF6D60088CAB5 /* SpringApp */ = {
			isa = PBXNativeTarget;
			buildConfigurationList = 182A8F4322FFF6DC0088CAB5 /* Build configuration list for PBXNativeTarget "SpringApp" */;
			buildPhases = (
				223E28C758C362B965C7BD9E /* [CP] Check Pods Manifest.lock */,
				182A8F2D22FFF6D60088CAB5 /* Sources */,
				182A8F2E22FFF6D60088CAB5 /* Frameworks */,
				182A8F2F22FFF6D60088CAB5 /* Resources */,
				5091E9D25BCB5DFA1B8BE783 /* [CP] Embed Pods Frameworks */,
			);
			buildRules = (
			);
			dependencies = (
			);
			name = SpringApp;
			productName = SpringApp;
			productReference = 182A8F3122FFF6D60088CAB5 /* SpringApp.app */;
			productType = "com.apple.product-type.application";
		};
/* End PBXNativeTarget section */

/* Begin PBXProject section */
		182A8F2922FFF6D60088CAB5 /* Project object */ = {
			isa = PBXProject;
			attributes = {
				LastSwiftUpdateCheck = 1020;
				LastUpgradeCheck = 1020;
				ORGANIZATIONNAME = Rajat;
				TargetAttributes = {
					182A8F3022FFF6D60088CAB5 = {
						CreatedOnToolsVersion = 10.2.1;
					};
				};
			};
			buildConfigurationList = 182A8F2C22FFF6D60088CAB5 /* Build configuration list for PBXProject "SpringApp" */;
			compatibilityVersion = "Xcode 9.3";
			developmentRegion = en;
			hasScannedForEncodings = 0;
			knownRegions = (
				en,
				Base,
			);
			mainGroup = 182A8F2822FFF6D60088CAB5;
			productRefGroup = 182A8F3222FFF6D60088CAB5 /* Products */;
			projectDirPath = "";
			projectRoot = "";
			targets = (
				182A8F3022FFF6D60088CAB5 /* SpringApp */,
			);
		};
/* End PBXProject section */

/* Begin PBXResourcesBuildPhase section */
		182A8F2F22FFF6D60088CAB5 /* Resources */ = {
			isa = PBXResourcesBuildPhase;
			buildActionMask = 2147483647;
			files = (
				182A8F3F22FFF6DC0088CAB5 /* LaunchScreen.storyboard in Resources */,
				182A8F3C22FFF6DC0088CAB5 /* Assets.xcassets in Resources */,
				182A8F3A22FFF6D60088CAB5 /* Main.storyboard in Resources */,
			);
			runOnlyForDeploymentPostprocessing = 0;
		};
/* End PBXResourcesBuildPhase section */

/* Begin PBXShellScriptBuildPhase section */
		223E28C758C362B965C7BD9E /* [CP] Check Pods Manifest.lock */ = {
			isa = PBXShellScriptBuildPhase;
			buildActionMask = 2147483647;
			files = (
			);
			inputFileListPaths = (
			);
			inputPaths = (
				"${PODS_PODFILE_DIR_PATH}/Podfile.lock",
				"${PODS_ROOT}/Manifest.lock",
			);
			name = "[CP] Check Pods Manifest.lock";
			outputFileListPaths = (
			);
			outputPaths = (
				"$(DERIVED_FILE_DIR)/Pods-SpringApp-checkManifestLockResult.txt",
			);
			runOnlyForDeploymentPostprocessing = 0;
			shellPath = /bin/sh;
			shellScript = "diff \"${PODS_PODFILE_DIR_PATH}/Podfile.lock\" \"${PODS_ROOT}/Manifest.lock\" > /dev/null\nif [ $? != 0 ] ; then\n    # print error to STDERR\n    echo \"error: The sandbox is not in sync with the Podfile.lock. Run 'pod install' or update your CocoaPods installation.\" >&2\n    exit 1\nfi\n# This output is used by Xcode 'outputs' to avoid re-running this script phase.\necho \"SUCCESS\" > \"${SCRIPT_OUTPUT_FILE_0}\"\n";
			showEnvVarsInLog = 0;
		};
		5091E9D25BCB5DFA1B8BE783 /* [CP] Embed Pods Frameworks */ = {
			isa = PBXShellScriptBuildPhase;
			buildActionMask = 2147483647;
			files = (
			);
			inputFileListPaths = (
				"${PODS_ROOT}/Target Support Files/Pods-SpringApp/Pods-SpringApp-frameworks-${CONFIGURATION}-input-files.xcfilelist",
			);
			name = "[CP] Embed Pods Frameworks";
			outputFileListPaths = (
				"${PODS_ROOT}/Target Support Files/Pods-SpringApp/Pods-SpringApp-frameworks-${CONFIGURATION}-output-files.xcfilelist",
			);
			runOnlyForDeploymentPostprocessing = 0;
			shellPath = /bin/sh;
			shellScript = "\"${PODS_ROOT}/Target Support Files/Pods-SpringApp/Pods-SpringApp-frameworks.sh\"\n";
			showEnvVarsInLog = 0;
		};
/* End PBXShellScriptBuildPhase section */

/* Begin PBXSourcesBuildPhase section */
		182A8F2D22FFF6D60088CAB5 /* Sources */ = {
			isa = PBXSourcesBuildPhase;
			buildActionMask = 2147483647;
			files = (
				182A8F3722FFF6D60088CAB5 /* ViewController.swift in Sources */,
				182A8F3522FFF6D60088CAB5 /* AppDelegate.swift in Sources */,
			);
			runOnlyForDeploymentPostprocessing = 0;
		};
/* End PBXSourcesBuildPhase section */

/* Begin PBXVariantGroup section */
		182A8F3822FFF6D60088CAB5 /* Main.storyboard */ = {
			isa = PBXVariantGroup;
			children = (
				182A8F3922FFF6D60088CAB5 /* Base */,
			);
			name = Main.storyboard;
			sourceTree = "<group>";
		};
		182A8F3D22FFF6DC0088CAB5 /* LaunchScreen.storyboard */ = {
			isa = PBXVariantGroup;
			children = (
				182A8F3E22FFF6DC0088CAB5 /* Base */,
			);
			name = LaunchScreen.storyboard;
			sourceTree = "<group>";
		};
/* End PBXVariantGroup section */

/* Begin XCBuildConfiguration section */
		182A8F4122FFF6DC0088CAB5 /* Debug */ = {
			isa = XCBuildConfiguration;
			buildSettings = {
				ALWAYS_SEARCH_USER_PATHS = NO;
				CLANG_ANALYZER_NONNULL = YES;
				CLANG_ANALYZER_NUMBER_OBJECT_CONVERSION = YES_AGGRESSIVE;
				CLANG_CXX_LANGUAGE_STANDARD = "gnu++14";
				CLANG_CXX_LIBRARY = "libc++";
				CLANG_ENABLE_MODULES = YES;
				CLANG_ENABLE_OBJC_ARC = YES;
				CLANG_ENABLE_OBJC_WEAK = YES;
				CLANG_WARN_BLOCK_CAPTURE_AUTORELEASING = YES;
				CLANG_WARN_BOOL_CONVERSION = YES;
				CLANG_WARN_COMMA = YES;
				CLANG_WARN_CONSTANT_CONVERSION = YES;
				CLANG_WARN_DEPRECATED_OBJC_IMPLEMENTATIONS = YES;
				CLANG_WARN_DIRECT_OBJC_ISA_USAGE = YES_ERROR;
				CLANG_WARN_DOCUMENTATION_COMMENTS = YES;
				CLANG_WARN_EMPTY_BODY = YES;
				CLANG_WARN_ENUM_CONVERSION = YES;
				CLANG_WARN_INFINITE_RECURSION = YES;
				CLANG_WARN_INT_CONVERSION = YES;
				CLANG_WARN_NON_LITERAL_NULL_CONVERSION = YES;
				CLANG_WARN_OBJC_IMPLICIT_RETAIN_SELF = YES;
				CLANG_WARN_OBJC_LITERAL_CONVERSION = YES;
				CLANG_WARN_OBJC_ROOT_CLASS = YES_ERROR;
				CLANG_WARN_RANGE_LOOP_ANALYSIS = YES;
				CLANG_WARN_STRICT_PROTOTYPES = YES;
				CLANG_WARN_SUSPICIOUS_MOVE = YES;
				CLANG_WARN_UNGUARDED_AVAILABILITY = YES_AGGRESSIVE;
				CLANG_WARN_UNREACHABLE_CODE = YES;
				CLANG_WARN__DUPLICATE_METHOD_MATCH = YES;
				CODE_SIGN_IDENTITY = "iPhone Developer";
				COPY_PHASE_STRIP = NO;
				DEBUG_INFORMATION_FORMAT = dwarf;
				ENABLE_STRICT_OBJC_MSGSEND = YES;
				ENABLE_TESTABILITY = YES;
				GCC_C_LANGUAGE_STANDARD = gnu11;
				GCC_DYNAMIC_NO_PIC = NO;
				GCC_NO_COMMON_BLOCKS = YES;
				GCC_OPTIMIZATION_LEVEL = 0;
				GCC_PREPROCESSOR_DEFINITIONS = (
					"DEBUG=1",
					"$(inherited)",
				);
				GCC_WARN_64_TO_32_BIT_CONVERSION = YES;
				GCC_WARN_ABOUT_RETURN_TYPE = YES_ERROR;
				GCC_WARN_UNDECLARED_SELECTOR = YES;
				GCC_WARN_UNINITIALIZED_AUTOS = YES_AGGRESSIVE;
				GCC_WARN_UNUSED_FUNCTION = YES;
				GCC_WARN_UNUSED_VARIABLE = YES;
				IPHONEOS_DEPLOYMENT_TARGET = 12.2;
				MTL_ENABLE_DEBUG_INFO = INCLUDE_SOURCE;
				MTL_FAST_MATH = YES;
				ONLY_ACTIVE_ARCH = YES;
				SDKROOT = iphoneos;
				SWIFT_ACTIVE_COMPILATION_CONDITIONS = DEBUG;
				SWIFT_OPTIMIZATION_LEVEL = "-Onone";
			};
			name = Debug;
		};
		182A8F4222FFF6DC0088CAB5 /* Release */ = {
			isa = XCBuildConfiguration;
			buildSettings = {
				ALWAYS_SEARCH_USER_PATHS = NO;
				CLANG_ANALYZER_NONNULL = YES;
				CLANG_ANALYZER_NUMBER_OBJECT_CONVERSION = YES_AGGRESSIVE;
				CLANG_CXX_LANGUAGE_STANDARD = "gnu++14";
				CLANG_CXX_LIBRARY = "libc++";
				CLANG_ENABLE_MODULES = YES;
				CLANG_ENABLE_OBJC_ARC = YES;
				CLANG_ENABLE_OBJC_WEAK = YES;
				CLANG_WARN_BLOCK_CAPTURE_AUTORELEASING = YES;
				CLANG_WARN_BOOL_CONVERSION = YES;
				CLANG_WARN_COMMA = YES;
				CLANG_WARN_CONSTANT_CONVERSION = YES;
				CLANG_WARN_DEPRECATED_OBJC_IMPLEMENTATIONS = YES;
				CLANG_WARN_DIRECT_OBJC_ISA_USAGE = YES_ERROR;
				CLANG_WARN_DOCUMENTATION_COMMENTS = YES;
				CLANG_WARN_EMPTY_BODY = YES;
				CLANG_WARN_ENUM_CONVERSION = YES;
				CLANG_WARN_INFINITE_RECURSION = YES;
				CLANG_WARN_INT_CONVERSION = YES;
				CLANG_WARN_NON_LITERAL_NULL_CONVERSION = YES;
				CLANG_WARN_OBJC_IMPLICIT_RETAIN_SELF = YES;
				CLANG_WARN_OBJC_LITERAL_CONVERSION = YES;
				CLANG_WARN_OBJC_ROOT_CLASS = YES_ERROR;
				CLANG_WARN_RANGE_LOOP_ANALYSIS = YES;
				CLANG_WARN_STRICT_PROTOTYPES = YES;
				CLANG_WARN_SUSPICIOUS_MOVE = YES;
				CLANG_WARN_UNGUARDED_AVAILABILITY = YES_AGGRESSIVE;
				CLANG_WARN_UNREACHABLE_CODE = YES;
				CLANG_WARN__DUPLICATE_METHOD_MATCH = YES;
				CODE_SIGN_IDENTITY = "iPhone Developer";
				COPY_PHASE_STRIP = NO;
				DEBUG_INFORMATION_FORMAT = "dwarf-with-dsym";
				ENABLE_NS_ASSERTIONS = NO;
				ENABLE_STRICT_OBJC_MSGSEND = YES;
				GCC_C_LANGUAGE_STANDARD = gnu11;
				GCC_NO_COMMON_BLOCKS = YES;
				GCC_WARN_64_TO_32_BIT_CONVERSION = YES;
				GCC_WARN_ABOUT_RETURN_TYPE = YES_ERROR;
				GCC_WARN_UNDECLARED_SELECTOR = YES;
				GCC_WARN_UNINITIALIZED_AUTOS = YES_AGGRESSIVE;
				GCC_WARN_UNUSED_FUNCTION = YES;
				GCC_WARN_UNUSED_VARIABLE = YES;
				IPHONEOS_DEPLOYMENT_TARGET = 12.2;
				MTL_ENABLE_DEBUG_INFO = NO;
				MTL_FAST_MATH = YES;
				SDKROOT = iphoneos;
				SWIFT_COMPILATION_MODE = wholemodule;
				SWIFT_OPTIMIZATION_LEVEL = "-O";
				VALIDATE_PRODUCT = YES;
			};
			name = Release;
		};
		182A8F4422FFF6DC0088CAB5 /* Debug */ = {
			isa = XCBuildConfiguration;
			baseConfigurationReference = FB4E9898EE9CB2629B4400BB /* Pods-SpringApp.debug.xcconfig */;
			buildSettings = {
				ASSETCATALOG_COMPILER_APPICON_NAME = AppIcon;
				CODE_SIGN_STYLE = Automatic;
				INFOPLIST_FILE = SpringApp/Info.plist;
				LD_RUNPATH_SEARCH_PATHS = (
					"$(inherited)",
					"@executable_path/Frameworks",
				);
				PRODUCT_BUNDLE_IDENTIFIER = com.Rajat.SpringApp;
				PRODUCT_NAME = "$(TARGET_NAME)";
				SWIFT_VERSION = 5.0;
				TARGETED_DEVICE_FAMILY = "1,2";
			};
			name = Debug;
		};
		182A8F4522FFF6DC0088CAB5 /* Release */ = {
			isa = XCBuildConfiguration;
			baseConfigurationReference = 24AFC517E3CBB046E2026CF8 /* Pods-SpringApp.release.xcconfig */;
			buildSettings = {
				ASSETCATALOG_COMPILER_APPICON_NAME = AppIcon;
				CODE_SIGN_STYLE = Automatic;
				INFOPLIST_FILE = SpringApp/Info.plist;
				LD_RUNPATH_SEARCH_PATHS = (
					"$(inherited)",
					"@executable_path/Frameworks",
				);
				PRODUCT_BUNDLE_IDENTIFIER = com.Rajat.SpringApp;
				PRODUCT_NAME = "$(TARGET_NAME)";
				SWIFT_VERSION = 5.0;
				TARGETED_DEVICE_FAMILY = "1,2";
			};
			name = Release;
		};
/* End XCBuildConfiguration section */

/* Begin XCConfigurationList section */
		182A8F2C22FFF6D60088CAB5 /* Build configuration list for PBXProject "SpringApp" */ = {
			isa = XCConfigurationList;
			buildConfigurations = (
				182A8F4122FFF6DC0088CAB5 /* Debug */,
				182A8F4222FFF6DC0088CAB5 /* Release */,
			);
			defaultConfigurationIsVisible = 0;
			defaultConfigurationName = Release;
		};
		182A8F4322FFF6DC0088CAB5 /* Build configuration list for PBXNativeTarget "SpringApp" */ = {
			isa = XCConfigurationList;
			buildConfigurations = (
				182A8F4422FFF6DC0088CAB5 /* Debug */,
				182A8F4522FFF6DC0088CAB5 /* Release */,
			);
			defaultConfigurationIsVisible = 0;
			defaultConfigurationName = Release;
		};
/* End XCConfigurationList section */
	};
	rootObject = 182A8F2922FFF6D60088CAB5 /* Project object */;
}
